{
    "version": 3,
    "terraform_version": "0.7.7",
    "serial": 18,
    "lineage": "b2176469-b4a5-4492-89b9-6a0837653970",
    "modules": [
        {
            "path": [
                "root"
            ],
            "outputs": {},
            "resources": {
                "aws_ebs_volume.ebs-volume-1": {
                    "type": "aws_ebs_volume",
                    "depends_on": [],
                    "primary": {
                        "id": "vol-b112fe01",
                        "attributes": {
                            "availability_zone": "eu-west-1b",
                            "encrypted": "false",
                            "id": "vol-b112fe01",
                            "size": "8",
                            "snapshot_id": "",
                            "tags.%": "1",
                            "tags.Name": "volume for catalyst",
                            "type": "gp2"
                        },
                        "meta": {},
                        "tainted": false
                    },
                    "deposed": [],
                    "provider": ""
                },
                "aws_instance.catalyst": {
                    "type": "aws_instance",
                    "depends_on": [],
                    "primary": {
                        "id": "i-498b93de",
                        "attributes": {
                            "ami": "ami-844e0bf7",
                            "availability_zone": "eu-west-1b",
                            "disable_api_termination": "false",
                            "ebs_block_device.#": "1",
                            "ebs_block_device.4023988449.delete_on_termination": "false",
                            "ebs_block_device.4023988449.device_name": "/dev/xvdf",
                            "ebs_block_device.4023988449.encrypted": "false",
                            "ebs_block_device.4023988449.iops": "100",
                            "ebs_block_device.4023988449.snapshot_id": "",
                            "ebs_block_device.4023988449.volume_size": "8",
                            "ebs_block_device.4023988449.volume_type": "gp2",
                            "ebs_optimized": "false",
                            "ephemeral_block_device.#": "0",
                            "iam_instance_profile": "",
                            "id": "i-498b93de",
                            "instance_state": "running",
                            "instance_type": "t2.micro",
                            "key_name": "mykey",
                            "monitoring": "false",
                            "network_interface_id": "eni-c8361896",
                            "private_dns": "ip-10-210-1-149.eu-west-1.compute.internal",
                            "private_ip": "10.210.1.149",
                            "public_dns": "ec2-52-212-240-115.eu-west-1.compute.amazonaws.com",
                            "public_ip": "52.212.240.115",
                            "root_block_device.#": "1",
                            "root_block_device.0.delete_on_termination": "true",
                            "root_block_device.0.iops": "100",
                            "root_block_device.0.volume_size": "8",
                            "root_block_device.0.volume_type": "gp2",
                            "security_groups.#": "0",
                            "source_dest_check": "true",
                            "subnet_id": "subnet-f9cf78a1",
                            "tags.%": "1",
                            "tags.Name": "catalyst",
                            "tenancy": "default",
                            "vpc_security_group_ids.#": "1",
                            "vpc_security_group_ids.222493561": "sg-936c44f4"
                        },
                        "meta": {
                            "schema_version": "1"
                        },
                        "tainted": false
                    },
                    "deposed": [],
                    "provider": ""
                },
                "aws_key_pair.mykeypair": {
                    "type": "aws_key_pair",
                    "depends_on": [],
                    "primary": {
                        "id": "mykey",
                        "attributes": {
                            "fingerprint": "79:fb:6f:b2:79:d0:8c:e3:3d:41:58:fc:11:87:5a:69",
                            "id": "mykey",
                            "key_name": "mykey",
                            "public_key": "ssh-rsa AAAAB3NzaC1yc2EAAAADAQABAAABAQDWUenZ8vld/5lz85YXNdI58xeweA+4+wlIDAxHESgjixNDAdKhOb86aEowDz+MTUip6VUgi+gAUHBVL2qhQhcJAik8CsYjPGHEoww12YdCqAtc4Y82qQtDo6NyE2AmRKYhPqOEJdofdjzbfYCmPuV3RhHH3CTKPnPXlMyfYQfnmauJmo9SVHdB2mDvdwuVliL/zUMNcIXzUedC2qD/AB0/cV82yxJFXBDamjPWYgTwAEI8ERWxE+q8D4UPHLghUc5UyEp/mnDiQseCVWLSOjVrIb3OjFfPjRH0b+yJ1Ngy6n4iv5sX/4DAyEvtClQYo1IMhcCilr/RZTxfJ4eiJzrb ubuntu@ubuntu-xenial"
                        },
                        "meta": {
                            "schema_version": "1"
                        },
                        "tainted": false
                    },
                    "deposed": [],
                    "provider": ""
                },
                "aws_volume_attachment.ebs-volume-1-attachment": {
                    "type": "aws_volume_attachment",
                    "depends_on": [
                        "aws_ebs_volume.ebs-volume-1",
                        "aws_instance.catalyst",
                        "aws_instance.catalyst",
                        "aws_instance.catalyst"
                    ],
                    "primary": {
                        "id": "vai-404600088",
                        "attributes": {
                            "device_name": "/dev/xvdf",
                            "id": "vai-404600088",
                            "instance_id": "i-498b93de",
                            "volume_id": "vol-b112fe01"
                        },
                        "meta": {},
                        "tainted": false
                    },
                    "deposed": [],
                    "provider": ""
                }
            },
            "depends_on": []
        }
    ]
}
